
Microsoft Visual Studio Solution File, Format Version 12.00
# Visual Studio 15
VisualStudioVersion = 15.0.28306.52
MinimumVisualStudioVersion = 10.0.40219.1
Project("{FAE04EC0-301F-11D3-BF4B-00C04F79EFBC}") = "MSWordSearchOpenXMLSDK1", "MSWordSearchOpenXMLSDK1\MSWordSearchOpenXMLSDK1.csproj", "{9FDEDA50-E87D-42A7-B648-38B38F9B4D6F}"
EndProject
Project("{FAE04EC0-301F-11D3-BF4B-00C04F79EFBC}") = "DOC", "DOC\DOC.csproj", "{EEA9D766-B9D4-4869-A6C8-9F7A1BBD1064}"
EndProject
Global
	GlobalSection(SolutionConfigurationPlatforms) = preSolution
		Debug|Any CPU = Debug|Any CPU
		Release|Any CPU = Release|Any CPU
	EndGlobalSection
	GlobalSection(ProjectConfigurationPlatforms) = postSolution
		{9FDEDA50-E87D-42A7-B648-38B38F9B4D6F}.Debug|Any CPU.ActiveCfg = Debug|Any CPU
		{9FDEDA50-E87D-42A7-B648-38B38F9B4D6F}.Debug|Any CPU.Build.0 = Debug|Any CPU
		{9FDEDA50-E87D-42A7-B648-38B38F9B4D6F}.Release|Any CPU.ActiveCfg = Release|Any CPU
		{9FDEDA50-E87D-42A7-B648-38B38F9B4D6F}.Release|Any CPU.Build.0 = Release|Any CPU
		{EEA9D766-B9D4-4869-A6C8-9F7A1BBD1064}.Debug|Any CPU.ActiveCfg = Debug|Any CPU
		{EEA9D766-B9D4-4869-A6C8-9F7A1BBD1064}.Debug|Any CPU.Build.0 = Debug|Any CPU
		{EEA9D766-B9D4-4869-A6C8-9F7A1BBD1064}.Release|Any CPU.ActiveCfg = Release|Any CPU
		{EEA9D766-B9D4-4869-A6C8-9F7A1BBD1064}.Release|Any CPU.Build.0 = Release|Any CPU
	EndGlobalSection
	GlobalSection(SolutionProperties) = preSolution
		HideSolutionNode = FALSE
	EndGlobalSection
	GlobalSection(ExtensibilityGlobals) = postSolution
		SolutionGuid = {3FCEA36F-BDDB-42A8-B159-EE0C8342148F}
	EndGlobalSection
EndGlobal
